
Microsoft Visual Studio Solution File, Format Version 12.00
# Visual Studio Version 17
VisualStudioVersion = 17.14.36908.2 d17.14
MinimumVisualStudioVersion = 10.0.40219.1
Project("{FAE04EC0-301F-11D3-BF4B-00C04F79EFBC}") = "RetroVideoGameStore", "RetroVideoGameStore\RetroVideoGameStore.csproj", "{ADFDFB88-5495-477C-8BB5-8FF09C017653}"
EndProject
Global
	GlobalSection(SolutionConfigurationPlatforms) = preSolution
		Debug|Any CPU = Debug|Any CPU
		Release|Any CPU = Release|Any CPU
	EndGlobalSection
	GlobalSection(ProjectConfigurationPlatforms) = postSolution
		{ADFDFB88-5495-477C-8BB5-8FF09C017653}.Debug|Any CPU.ActiveCfg = Debug|Any CPU
		{ADFDFB88-5495-477C-8BB5-8FF09C017653}.Debug|Any CPU.Build.0 = Debug|Any CPU
		{ADFDFB88-5495-477C-8BB5-8FF09C017653}.Release|Any CPU.ActiveCfg = Release|Any CPU
		{ADFDFB88-5495-477C-8BB5-8FF09C017653}.Release|Any CPU.Build.0 = Release|Any CPU
	EndGlobalSection
	GlobalSection(SolutionProperties) = preSolution
		HideSolutionNode = FALSE
	EndGlobalSection
	GlobalSection(ExtensibilityGlobals) = postSolution
		SolutionGuid = {51C96077-5601-469A-9867-1E11438C8B82}
	EndGlobalSection
EndGlobal
